// !$*UTF8*$!
{
	archiveVersion = 1;
	classes = {
	};
	objectVersion = 50;
	objects = {

/* Begin PBXBuildFile section */
		201C485C229035A900000594 /* PhotoCollectionViewCell.swift in Sources */ = {isa = PBXBuildFile; fileRef = 201C485B229035A900000594 /* PhotoCollectionViewCell.swift */; };
		201C485E2290402400000594 /* ImageStore.swift in Sources */ = {isa = PBXBuildFile; fileRef = 201C485D2290402400000594 /* ImageStore.swift */; };
		207D838D2287F8FB00FACB24 /* AppDelegate.swift in Sources */ = {isa = PBXBuildFile; fileRef = 207D838C2287F8FB00FACB24 /* AppDelegate.swift */; };
		207D838F2287F8FB00FACB24 /* PhotosViewController.swift in Sources */ = {isa = PBXBuildFile; fileRef = 207D838E2287F8FB00FACB24 /* PhotosViewController.swift */; };
		207D83922287F8FB00FACB24 /* Main.storyboard in Resources */ = {isa = PBXBuildFile; fileRef = 207D83902287F8FB00FACB24 /* Main.storyboard */; };
		207D83942287F8FC00FACB24 /* Assets.xcassets in Resources */ = {isa = PBXBuildFile; fileRef = 207D83932287F8FC00FACB24 /* Assets.xcassets */; };
		207D83972287F8FC00FACB24 /* LaunchScreen.storyboard in Resources */ = {isa = PBXBuildFile; fileRef = 207D83952287F8FC00FACB24 /* LaunchScreen.storyboard */; };
		207D839F2287FD5D00FACB24 /* FlickrAPI.swift in Sources */ = {isa = PBXBuildFile; fileRef = 207D839E2287FD5D00FACB24 /* FlickrAPI.swift */; };
		207D83A12288033900FACB24 /* PhotoStore.swift in Sources */ = {isa = PBXBuildFile; fileRef = 207D83A02288033900FACB24 /* PhotoStore.swift */; };
		207D83A32288075B00FACB24 /* Photo.swift in Sources */ = {isa = PBXBuildFile; fileRef = 207D83A22288075B00FACB24 /* Photo.swift */; };
		20865BC822916045004A4D1F /* PhotoInfoViewController.swift in Sources */ = {isa = PBXBuildFile; fileRef = 20865BC722916045004A4D1F /* PhotoInfoViewController.swift */; };
		209B15E62293892E0093A040 /* Photorama.xcdatamodeld in Sources */ = {isa = PBXBuildFile; fileRef = 209B15E42293892E0093A040 /* Photorama.xcdatamodeld */; };
		209B15EE229390BC0093A040 /* MOPhoto+CoreDataClass.swift in Sources */ = {isa = PBXBuildFile; fileRef = 209B15EC229390BC0093A040 /* MOPhoto+CoreDataClass.swift */; };
		209B15EF229390BC0093A040 /* MOPhoto+CoreDataProperties.swift in Sources */ = {isa = PBXBuildFile; fileRef = 209B15ED229390BC0093A040 /* MOPhoto+CoreDataProperties.swift */; };
		C7966797228F12FB0035F612 /* PhotoDataSource.swift in Sources */ = {isa = PBXBuildFile; fileRef = C7966796228F12FB0035F612 /* PhotoDataSource.swift */; };
		C799C0542292B48000E138DD /* FlipbookLayout.swift in Sources */ = {isa = PBXBuildFile; fileRef = C799C0532292B48000E138DD /* FlipbookLayout.swift */; };
/* End PBXBuildFile section */

/* Begin PBXFileReference section */
		201C485B229035A900000594 /* PhotoCollectionViewCell.swift */ = {isa = PBXFileReference; lastKnownFileType = sourcecode.swift; path = PhotoCollectionViewCell.swift; sourceTree = "<group>"; };
		201C485D2290402400000594 /* ImageStore.swift */ = {isa = PBXFileReference; lastKnownFileType = sourcecode.swift; path = ImageStore.swift; sourceTree = "<group>"; };
		207D83892287F8FB00FACB24 /* Photorama.app */ = {isa = PBXFileReference; explicitFileType = wrapper.application; includeInIndex = 0; path = Photorama.app; sourceTree = BUILT_PRODUCTS_DIR; };
		207D838C2287F8FB00FACB24 /* AppDelegate.swift */ = {isa = PBXFileReference; lastKnownFileType = sourcecode.swift; path = AppDelegate.swift; sourceTree = "<group>"; };
		207D838E2287F8FB00FACB24 /* PhotosViewController.swift */ = {isa = PBXFileReference; lastKnownFileType = sourcecode.swift; path = PhotosViewController.swift; sourceTree = "<group>"; };
		207D83912287F8FB00FACB24 /* Base */ = {isa = PBXFileReference; lastKnownFileType = file.storyboard; name = Base; path = Base.lproj/Main.storyboard; sourceTree = "<group>"; };
		207D83932287F8FC00FACB24 /* Assets.xcassets */ = {isa = PBXFileReference; lastKnownFileType = folder.assetcatalog; path = Assets.xcassets; sourceTree = "<group>"; };
		207D83962287F8FC00FACB24 /* Base */ = {isa = PBXFileReference; lastKnownFileType = file.storyboard; name = Base; path = Base.lproj/LaunchScreen.storyboard; sourceTree = "<group>"; };
		207D83982287F8FC00FACB24 /* Info.plist */ = {isa = PBXFileReference; lastKnownFileType = text.plist.xml; path = Info.plist; sourceTree = "<group>"; };
		207D839E2287FD5D00FACB24 /* FlickrAPI.swift */ = {isa = PBXFileReference; lastKnownFileType = sourcecode.swift; path = FlickrAPI.swift; sourceTree = "<group>"; };
		207D83A02288033900FACB24 /* PhotoStore.swift */ = {isa = PBXFileReference; lastKnownFileType = sourcecode.swift; path = PhotoStore.swift; sourceTree = "<group>"; };
		207D83A22288075B00FACB24 /* Photo.swift */ = {isa = PBXFileReference; lastKnownFileType = sourcecode.swift; path = Photo.swift; sourceTree = "<group>"; };
		20865BC722916045004A4D1F /* PhotoInfoViewController.swift */ = {isa = PBXFileReference; lastKnownFileType = sourcecode.swift; path = PhotoInfoViewController.swift; sourceTree = "<group>"; };
		209B15E52293892E0093A040 /* Photorama.xcdatamodel */ = {isa = PBXFileReference; lastKnownFileType = wrapper.xcdatamodel; path = Photorama.xcdatamodel; sourceTree = "<group>"; };
		209B15EC229390BC0093A040 /* MOPhoto+CoreDataClass.swift */ = {isa = PBXFileReference; lastKnownFileType = sourcecode.swift; path = "MOPhoto+CoreDataClass.swift"; sourceTree = "<group>"; };
		209B15ED229390BC0093A040 /* MOPhoto+CoreDataProperties.swift */ = {isa = PBXFileReference; lastKnownFileType = sourcecode.swift; path = "MOPhoto+CoreDataProperties.swift"; sourceTree = "<group>"; };
		C7966796228F12FB0035F612 /* PhotoDataSource.swift */ = {isa = PBXFileReference; lastKnownFileType = sourcecode.swift; path = PhotoDataSource.swift; sourceTree = "<group>"; };
		C799C0532292B48000E138DD /* FlipbookLayout.swift */ = {isa = PBXFileReference; lastKnownFileType = sourcecode.swift; path = FlipbookLayout.swift; sourceTree = "<group>"; };
/* End PBXFileReference section */

/* Begin PBXFrameworksBuildPhase section */
		207D83862287F8FB00FACB24 /* Frameworks */ = {
			isa = PBXFrameworksBuildPhase;
			buildActionMask = 2147483647;
			files = (
			);
			runOnlyForDeploymentPostprocessing = 0;
		};
/* End PBXFrameworksBuildPhase section */

/* Begin PBXGroup section */
		201C4860229045FE00000594 /* View */ = {
			isa = PBXGroup;
			children = (
				207D838E2287F8FB00FACB24 /* PhotosViewController.swift */,
				201C485B229035A900000594 /* PhotoCollectionViewCell.swift */,
				C799C0532292B48000E138DD /* FlipbookLayout.swift */,
			);
			path = View;
			sourceTree = "<group>";
		};
		201C48622290460900000594 /* Model */ = {
			isa = PBXGroup;
			children = (
				207D83A22288075B00FACB24 /* Photo.swift */,
				C7966796228F12FB0035F612 /* PhotoDataSource.swift */,
			);
			path = Model;
			sourceTree = "<group>";
		};
		201C48632290462100000594 /* Service */ = {
			isa = PBXGroup;
			children = (
				207D83A02288033900FACB24 /* PhotoStore.swift */,
			);
			path = Service;
			sourceTree = "<group>";
		};
		207D83802287F8FB00FACB24 = {
			isa = PBXGroup;
			children = (
				207D838B2287F8FB00FACB24 /* Photorama */,
				207D838A2287F8FB00FACB24 /* Products */,
			);
			sourceTree = "<group>";
		};
		207D838A2287F8FB00FACB24 /* Products */ = {
			isa = PBXGroup;
			children = (
				207D83892287F8FB00FACB24 /* Photorama.app */,
			);
			name = Products;
			sourceTree = "<group>";
		};
		207D838B2287F8FB00FACB24 /* Photorama */ = {
			isa = PBXGroup;
			children = (
				207D838C2287F8FB00FACB24 /* AppDelegate.swift */,
				207D839E2287FD5D00FACB24 /* FlickrAPI.swift */,
				201C485D2290402400000594 /* ImageStore.swift */,
				209B15F0229391980093A040 /* CoreData */,
				20865BC922916094004A4D1F /* PhotoInfo */,
				C7B05BE7228EE99D008AC9F1 /* Photos */,
				207D83902287F8FB00FACB24 /* Main.storyboard */,
				209B15E42293892E0093A040 /* Photorama.xcdatamodeld */,
				207D83932287F8FC00FACB24 /* Assets.xcassets */,
				207D83952287F8FC00FACB24 /* LaunchScreen.storyboard */,
				207D83982287F8FC00FACB24 /* Info.plist */,
			);
			path = Photorama;
			sourceTree = "<group>";
		};
		20865BC922916094004A4D1F /* PhotoInfo */ = {
			isa = PBXGroup;
			children = (
				20865BCA2291609C004A4D1F /* View */,
			);
			path = PhotoInfo;
			sourceTree = "<group>";
		};
		20865BCA2291609C004A4D1F /* View */ = {
			isa = PBXGroup;
			children = (
				20865BC722916045004A4D1F /* PhotoInfoViewController.swift */,
			);
			path = View;
			sourceTree = "<group>";
		};
		209B15F0229391980093A040 /* CoreData */ = {
			isa = PBXGroup;
			children = (
				209B15EC229390BC0093A040 /* MOPhoto+CoreDataClass.swift */,
				209B15ED229390BC0093A040 /* MOPhoto+CoreDataProperties.swift */,
			);
			path = CoreData;
			sourceTree = "<group>";
		};
		C7B05BE7228EE99D008AC9F1 /* Photos */ = {
			isa = PBXGroup;
			children = (
				201C4860229045FE00000594 /* View */,
				201C48622290460900000594 /* Model */,
				201C48632290462100000594 /* Service */,
			);
			path = Photos;
			sourceTree = "<group>";
		};
/* End PBXGroup section */

/* Begin PBXNativeTarget section */
		207D83882287F8FB00FACB24 /* Photorama */ = {
			isa = PBXNativeTarget;
			buildConfigurationList = 207D839B2287F8FC00FACB24 /* Build configuration list for PBXNativeTarget "Photorama" */;
			buildPhases = (
				207D83852287F8FB00FACB24 /* Sources */,
				207D83862287F8FB00FACB24 /* Frameworks */,
				207D83872287F8FB00FACB24 /* Resources */,
			);
			buildRules = (
			);
			dependencies = (
			);
			name = Photorama;
			productName = Photorama;
			productReference = 207D83892287F8FB00FACB24 /* Photorama.app */;
			productType = "com.apple.product-type.application";
		};
/* End PBXNativeTarget section */

/* Begin PBXProject section */
		207D83812287F8FB00FACB24 /* Project object */ = {
			isa = PBXProject;
			attributes = {
				LastSwiftUpdateCheck = 1020;
				LastUpgradeCheck = 1020;
				ORGANIZATIONNAME = Vinso;
				TargetAttributes = {
					207D83882287F8FB00FACB24 = {
						CreatedOnToolsVersion = 10.2;
					};
				};
			};
			buildConfigurationList = 207D83842287F8FB00FACB24 /* Build configuration list for PBXProject "Photorama" */;
			compatibilityVersion = "Xcode 9.3";
			developmentRegion = en;
			hasScannedForEncodings = 0;
			knownRegions = (
				en,
				Base,
			);
			mainGroup = 207D83802287F8FB00FACB24;
			productRefGroup = 207D838A2287F8FB00FACB24 /* Products */;
			projectDirPath = "";
			projectRoot = "";
			targets = (
				207D83882287F8FB00FACB24 /* Photorama */,
			);
		};
/* End PBXProject section */

/* Begin PBXResourcesBuildPhase section */
		207D83872287F8FB00FACB24 /* Resources */ = {
			isa = PBXResourcesBuildPhase;
			buildActionMask = 2147483647;
			files = (
				207D83972287F8FC00FACB24 /* LaunchScreen.storyboard in Resources */,
				207D83942287F8FC00FACB24 /* Assets.xcassets in Resources */,
				207D83922287F8FB00FACB24 /* Main.storyboard in Resources */,
			);
			runOnlyForDeploymentPostprocessing = 0;
		};
/* End PBXResourcesBuildPhase section */

/* Begin PBXSourcesBuildPhase section */
		207D83852287F8FB00FACB24 /* Sources */ = {
			isa = PBXSourcesBuildPhase;
			buildActionMask = 2147483647;
			files = (
				209B15EE229390BC0093A040 /* MOPhoto+CoreDataClass.swift in Sources */,
				207D839F2287FD5D00FACB24 /* FlickrAPI.swift in Sources */,
				207D838F2287F8FB00FACB24 /* PhotosViewController.swift in Sources */,
				207D83A12288033900FACB24 /* PhotoStore.swift in Sources */,
				201C485E2290402400000594 /* ImageStore.swift in Sources */,
				C7966797228F12FB0035F612 /* PhotoDataSource.swift in Sources */,
				209B15EF229390BC0093A040 /* MOPhoto+CoreDataProperties.swift in Sources */,
				C799C0542292B48000E138DD /* FlipbookLayout.swift in Sources */,
				201C485C229035A900000594 /* PhotoCollectionViewCell.swift in Sources */,
				209B15E62293892E0093A040 /* Photorama.xcdatamodeld in Sources */,
				207D838D2287F8FB00FACB24 /* AppDelegate.swift in Sources */,
				207D83A32288075B00FACB24 /* Photo.swift in Sources */,
				20865BC822916045004A4D1F /* PhotoInfoViewController.swift in Sources */,
			);
			runOnlyForDeploymentPostprocessing = 0;
		};
/* End PBXSourcesBuildPhase section */

/* Begin PBXVariantGroup section */
		207D83902287F8FB00FACB24 /* Main.storyboard */ = {
			isa = PBXVariantGroup;
			children = (
				207D83912287F8FB00FACB24 /* Base */,
			);
			name = Main.storyboard;
			sourceTree = "<group>";
		};
		207D83952287F8FC00FACB24 /* LaunchScreen.storyboard */ = {
			isa = PBXVariantGroup;
			children = (
				207D83962287F8FC00FACB24 /* Base */,
			);
			name = LaunchScreen.storyboard;
			sourceTree = "<group>";
		};
/* End PBXVariantGroup section */

/* Begin XCBuildConfiguration section */
		207D83992287F8FC00FACB24 /* Debug */ = {
			isa = XCBuildConfiguration;
			buildSettings = {
				ALWAYS_SEARCH_USER_PATHS = NO;
				CLANG_ANALYZER_NONNULL = YES;
				CLANG_ANALYZER_NUMBER_OBJECT_CONVERSION = YES_AGGRESSIVE;
				CLANG_CXX_LANGUAGE_STANDARD = "gnu++14";
				CLANG_CXX_LIBRARY = "libc++";
				CLANG_ENABLE_MODULES = YES;
				CLANG_ENABLE_OBJC_ARC = YES;
				CLANG_ENABLE_OBJC_WEAK = YES;
				CLANG_WARN_BLOCK_CAPTURE_AUTORELEASING = YES;
				CLANG_WARN_BOOL_CONVERSION = YES;
				CLANG_WARN_COMMA = YES;
				CLANG_WARN_CONSTANT_CONVERSION = YES;
				CLANG_WARN_DEPRECATED_OBJC_IMPLEMENTATIONS = YES;
				CLANG_WARN_DIRECT_OBJC_ISA_USAGE = YES_ERROR;
				CLANG_WARN_DOCUMENTATION_COMMENTS = YES;
				CLANG_WARN_EMPTY_BODY = YES;
				CLANG_WARN_ENUM_CONVERSION = YES;
				CLANG_WARN_INFINITE_RECURSION = YES;
				CLANG_WARN_INT_CONVERSION = YES;
				CLANG_WARN_NON_LITERAL_NULL_CONVERSION = YES;
				CLANG_WARN_OBJC_IMPLICIT_RETAIN_SELF = YES;
				CLANG_WARN_OBJC_LITERAL_CONVERSION = YES;
				CLANG_WARN_OBJC_ROOT_CLASS = YES_ERROR;
				CLANG_WARN_RANGE_LOOP_ANALYSIS = YES;
				CLANG_WARN_STRICT_PROTOTYPES = YES;
				CLANG_WARN_SUSPICIOUS_MOVE = YES;
				CLANG_WARN_UNGUARDED_AVAILABILITY = YES_AGGRESSIVE;
				CLANG_WARN_UNREACHABLE_CODE = YES;
				CLANG_WARN__DUPLICATE_METHOD_MATCH = YES;
				CODE_SIGN_IDENTITY = "iPhone Developer";
				COPY_PHASE_STRIP = NO;
				DEBUG_INFORMATION_FORMAT = dwarf;
				ENABLE_STRICT_OBJC_MSGSEND = YES;
				ENABLE_TESTABILITY = YES;
				GCC_C_LANGUAGE_STANDARD = gnu11;
				GCC_DYNAMIC_NO_PIC = NO;
				GCC_NO_COMMON_BLOCKS = YES;
				GCC_OPTIMIZATION_LEVEL = 0;
				GCC_PREPROCESSOR_DEFINITIONS = (
					"DEBUG=1",
					"$(inherited)",
				);
				GCC_WARN_64_TO_32_BIT_CONVERSION = YES;
				GCC_WARN_ABOUT_RETURN_TYPE = YES_ERROR;
				GCC_WARN_UNDECLARED_SELECTOR = YES;
				GCC_WARN_UNINITIALIZED_AUTOS = YES_AGGRESSIVE;
				GCC_WARN_UNUSED_FUNCTION = YES;
				GCC_WARN_UNUSED_VARIABLE = YES;
				IPHONEOS_DEPLOYMENT_TARGET = 12.2;
				MTL_ENABLE_DEBUG_INFO = INCLUDE_SOURCE;
				MTL_FAST_MATH = YES;
				ONLY_ACTIVE_ARCH = YES;
				SDKROOT = iphoneos;
				SWIFT_ACTIVE_COMPILATION_CONDITIONS = DEBUG;
				SWIFT_OPTIMIZATION_LEVEL = "-Onone";
			};
			name = Debug;
		};
		207D839A2287F8FC00FACB24 /* Release */ = {
			isa = XCBuildConfiguration;
			buildSettings = {
				ALWAYS_SEARCH_USER_PATHS = NO;
				CLANG_ANALYZER_NONNULL = YES;
				CLANG_ANALYZER_NUMBER_OBJECT_CONVERSION = YES_AGGRESSIVE;
				CLANG_CXX_LANGUAGE_STANDARD = "gnu++14";
				CLANG_CXX_LIBRARY = "libc++";
				CLANG_ENABLE_MODULES = YES;
				CLANG_ENABLE_OBJC_ARC = YES;
				CLANG_ENABLE_OBJC_WEAK = YES;
				CLANG_WARN_BLOCK_CAPTURE_AUTORELEASING = YES;
				CLANG_WARN_BOOL_CONVERSION = YES;
				CLANG_WARN_COMMA = YES;
				CLANG_WARN_CONSTANT_CONVERSION = YES;
				CLANG_WARN_DEPRECATED_OBJC_IMPLEMENTATIONS = YES;
				CLANG_WARN_DIRECT_OBJC_ISA_USAGE = YES_ERROR;
				CLANG_WARN_DOCUMENTATION_COMMENTS = YES;
				CLANG_WARN_EMPTY_BODY = YES;
				CLANG_WARN_ENUM_CONVERSION = YES;
				CLANG_WARN_INFINITE_RECURSION = YES;
				CLANG_WARN_INT_CONVERSION = YES;
				CLANG_WARN_NON_LITERAL_NULL_CONVERSION = YES;
				CLANG_WARN_OBJC_IMPLICIT_RETAIN_SELF = YES;
				CLANG_WARN_OBJC_LITERAL_CONVERSION = YES;
				CLANG_WARN_OBJC_ROOT_CLASS = YES_ERROR;
				CLANG_WARN_RANGE_LOOP_ANALYSIS = YES;
				CLANG_WARN_STRICT_PROTOTYPES = YES;
				CLANG_WARN_SUSPICIOUS_MOVE = YES;
				CLANG_WARN_UNGUARDED_AVAILABILITY = YES_AGGRESSIVE;
				CLANG_WARN_UNREACHABLE_CODE = YES;
				CLANG_WARN__DUPLICATE_METHOD_MATCH = YES;
				CODE_SIGN_IDENTITY = "iPhone Developer";
				COPY_PHASE_STRIP = NO;
				DEBUG_INFORMATION_FORMAT = "dwarf-with-dsym";
				ENABLE_NS_ASSERTIONS = NO;
				ENABLE_STRICT_OBJC_MSGSEND = YES;
				GCC_C_LANGUAGE_STANDARD = gnu11;
				GCC_NO_COMMON_BLOCKS = YES;
				GCC_WARN_64_TO_32_BIT_CONVERSION = YES;
				GCC_WARN_ABOUT_RETURN_TYPE = YES_ERROR;
				GCC_WARN_UNDECLARED_SELECTOR = YES;
				GCC_WARN_UNINITIALIZED_AUTOS = YES_AGGRESSIVE;
				GCC_WARN_UNUSED_FUNCTION = YES;
				GCC_WARN_UNUSED_VARIABLE = YES;
				IPHONEOS_DEPLOYMENT_TARGET = 12.2;
				MTL_ENABLE_DEBUG_INFO = NO;
				MTL_FAST_MATH = YES;
				SDKROOT = iphoneos;
				SWIFT_COMPILATION_MODE = wholemodule;
				SWIFT_OPTIMIZATION_LEVEL = "-O";
				VALIDATE_PRODUCT = YES;
			};
			name = Release;
		};
		207D839C2287F8FC00FACB24 /* Debug */ = {
			isa = XCBuildConfiguration;
			buildSettings = {
				ASSETCATALOG_COMPILER_APPICON_NAME = AppIcon;
				CODE_SIGN_STYLE = Automatic;
				DEVELOPMENT_TEAM = RQ8948VJT6;
				INFOPLIST_FILE = Photorama/Info.plist;
				IPHONEOS_DEPLOYMENT_TARGET = 11.0;
				LD_RUNPATH_SEARCH_PATHS = (
					"$(inherited)",
					"@executable_path/Frameworks",
				);
				PRODUCT_BUNDLE_IDENTIFIER = com.vinso.Photorama;
				PRODUCT_NAME = "$(TARGET_NAME)";
				SWIFT_VERSION = 4.2;
				TARGETED_DEVICE_FAMILY = "1,2";
			};
			name = Debug;
		};
		207D839D2287F8FC00FACB24 /* Release */ = {
			isa = XCBuildConfiguration;
			buildSettings = {
				ASSETCATALOG_COMPILER_APPICON_NAME = AppIcon;
				CODE_SIGN_STYLE = Automatic;
				DEVELOPMENT_TEAM = RQ8948VJT6;
				INFOPLIST_FILE = Photorama/Info.plist;
				IPHONEOS_DEPLOYMENT_TARGET = 11.0;
				LD_RUNPATH_SEARCH_PATHS = (
					"$(inherited)",
					"@executable_path/Frameworks",
				);
				PRODUCT_BUNDLE_IDENTIFIER = com.vinso.Photorama;
				PRODUCT_NAME = "$(TARGET_NAME)";
				SWIFT_VERSION = 4.2;
				TARGETED_DEVICE_FAMILY = "1,2";
			};
			name = Release;
		};
/* End XCBuildConfiguration section */

/* Begin XCConfigurationList section */
		207D83842287F8FB00FACB24 /* Build configuration list for PBXProject "Photorama" */ = {
			isa = XCConfigurationList;
			buildConfigurations = (
				207D83992287F8FC00FACB24 /* Debug */,
				207D839A2287F8FC00FACB24 /* Release */,
			);
			defaultConfigurationIsVisible = 0;
			defaultConfigurationName = Release;
		};
		207D839B2287F8FC00FACB24 /* Build configuration list for PBXNativeTarget "Photorama" */ = {
			isa = XCConfigurationList;
			buildConfigurations = (
				207D839C2287F8FC00FACB24 /* Debug */,
				207D839D2287F8FC00FACB24 /* Release */,
			);
			defaultConfigurationIsVisible = 0;
			defaultConfigurationName = Release;
		};
/* End XCConfigurationList section */

/* Begin XCVersionGroup section */
		209B15E42293892E0093A040 /* Photorama.xcdatamodeld */ = {
			isa = XCVersionGroup;
			children = (
				209B15E52293892E0093A040 /* Photorama.xcdatamodel */,
			);
			currentVersion = 209B15E52293892E0093A040 /* Photorama.xcdatamodel */;
			path = Photorama.xcdatamodeld;
			sourceTree = "<group>";
			versionGroupType = wrapper.xcdatamodel;
		};
/* End XCVersionGroup section */
	};
	rootObject = 207D83812287F8FB00FACB24 /* Project object */;
}
